{
  "name": "pi-auto-transfer",
  "version": "1.0.0",
  "lockfileVersion": 2,
  "requires": true,
  "packages": {
    "": {
      "name": "pi-auto-transfer",
      "version": "1.0.0",
      "dependencies": {
        "dotenv": "^16.3.1",
        "express": "^4.18.4",
        "nodemailer": "^6.9.9",
        "stellar-sdk": "^10.4.0"
      }
    },
    "node_modules/@types/eventsource": {
      "version": "1.1.15",
      "resolved": "https://registry.npmjs.org/@types/eventsource/-/eventsource-1.1.15.tgz",
      "integrity": "sha512-XQmGcbnxUNa06HR3VBVkc9+A2Vpi9ZyLJcdS5dwaQQ/4ZMWFO+5c90FnMUpbtMZwB/FChoYHwuVg8TvkECacTA==",
      "license": "MIT"
    },
    "node_modules/@types/node": {
      "version": "22.13.11",
      "resolved": "https://registry.npmjs.org/@types/node/-/node-22.13.11.tgz",
      "integrity": "sha512-iEUCUJoU0i3VnrCmgoWCXttklWcvoCIx4jzcP22fioIVSdTmjgoEvmAO/QPw6TcS9k5FrNgn4w7q5lGOd1CT5g==",
      "license": "MIT",
      "dependencies": {
        "undici-types": "~6.20.0"
      }
    },
    "node_modules/@types/randombytes": {
      "version": "2.0.3",
      "resolved": "https://registry.npmjs.org/@types/randombytes/-/randombytes-2.0.3.tgz",
      "integrity": "sha512-+NRgihTfuURllWCiIAhm1wsJqzsocnqXM77V/CalsdJIYSRGEHMnritxh+6EsBklshC+clo1KgnN14qgSGeQdw==",
      "license": "MIT",
      "dependencies": {
        "@types/node": "*"
      }
    },
    "node_modules/@types/urijs": {
      "version": "1.19.25",
      "resolved": "https://registry.npmjs.org/@types/urijs/-/urijs-1.19.25.tgz",
      "integrity": "sha512-XOfUup9r3Y06nFAZh3WvO0rBU4OtlfPB/vgxpjg+NRdGU6CN6djdc6OEiH+PcqHCY6eFLo9Ista73uarf4gnBg==",
      "license": "MIT"
    },
    "node_modules/accepts": {
      "version": "1.3.8",
      "resolved": "https://registry.npmjs.org/accepts/-/accepts-1.3.8.tgz",
      "integrity": "sha512-PYAthTa2m2VKxuvSD3DPC/Gy+U+sOA1LAuT8mkmRuvw+NACSaeXEQ+NHcVF7rONl6qcaxV3Uuemwawk+7+SJLw==",
      "license": "MIT",
      "dependencies": {
        "mime-types": "~2.1.34",
        "negotiator": "0.6.3"
      },
      
